
Microsoft Visual Studio Solution File, Format Version 12.00
# Visual Studio Version 16
VisualStudioVersion = 16.0.30717.126
MinimumVisualStudioVersion = 10.0.40219.1
Project("{FAE04EC0-301F-11D3-BF4B-00C04F79EFBC}") = "BOCollector", "BOCollector.csproj", "{58F50882-DA01-4501-A68E-8D5A31C8EB87}"
EndProject
Global
	GlobalSection(SolutionConfigurationPlatforms) = preSolution
		Debug|Any CPU = Debug|Any CPU
		Release|Any CPU = Release|Any CPU
	EndGlobalSection
	GlobalSection(ProjectConfigurationPlatforms) = postSolution
		{58F50882-DA01-4501-A68E-8D5A31C8EB87}.Debug|Any CPU.ActiveCfg = Debug|Any CPU
		{58F50882-DA01-4501-A68E-8D5A31C8EB87}.Debug|Any CPU.Build.0 = Debug|Any CPU
		{58F50882-DA01-4501-A68E-8D5A31C8EB87}.Release|Any CPU.ActiveCfg = Release|Any CPU
		{58F50882-DA01-4501-A68E-8D5A31C8EB87}.Release|Any CPU.Build.0 = Release|Any CPU
	EndGlobalSection
	GlobalSection(SolutionProperties) = preSolution
		HideSolutionNode = FALSE
	EndGlobalSection
	GlobalSection(ExtensibilityGlobals) = postSolution
		SolutionGuid = {B330F214-75C8-4144-94E1-911D3775A009}
	EndGlobalSection
EndGlobal
